// !$*UTF8*$!
{
	archiveVersion = 1;
	classes = {
	};
	objectVersion = 56;
	objects = {

/* Begin PBXBuildFile section */
		8049AC7E2917EA5200BA7F1B /* AppDelegate.swift in Sources */ = {isa = PBXBuildFile; fileRef = 8049AC7D2917EA5200BA7F1B /* AppDelegate.swift */; };
		8049AC802917EA5200BA7F1B /* SceneDelegate.swift in Sources */ = {isa = PBXBuildFile; fileRef = 8049AC7F2917EA5200BA7F1B /* SceneDelegate.swift */; };
		8049AC822917EA5200BA7F1B /* ViewController.swift in Sources */ = {isa = PBXBuildFile; fileRef = 8049AC812917EA5200BA7F1B /* ViewController.swift */; };
		8049AC852917EA5200BA7F1B /* Main.storyboard in Resources */ = {isa = PBXBuildFile; fileRef = 8049AC832917EA5200BA7F1B /* Main.storyboard */; };
		8049AC872917EA5300BA7F1B /* Assets.xcassets in Resources */ = {isa = PBXBuildFile; fileRef = 8049AC862917EA5300BA7F1B /* Assets.xcassets */; };
		8049AC8A2917EA5300BA7F1B /* LaunchScreen.storyboard in Resources */ = {isa = PBXBuildFile; fileRef = 8049AC882917EA5300BA7F1B /* LaunchScreen.storyboard */; };
		8049AC982918134800BA7F1B /* DependenciesTests.swift in Sources */ = {isa = PBXBuildFile; fileRef = 8049AC972918134800BA7F1B /* DependenciesTests.swift */; };
		8049ACA52918135800BA7F1B /* DependenciesUITests.swift in Sources */ = {isa = PBXBuildFile; fileRef = 8049ACA42918135800BA7F1B /* DependenciesUITests.swift */; };
		8049ACA72918135800BA7F1B /* DependenciesUITestsLaunchTests.swift in Sources */ = {isa = PBXBuildFile; fileRef = 8049ACA62918135800BA7F1B /* DependenciesUITestsLaunchTests.swift */; };
/* End PBXBuildFile section */

/* Begin PBXContainerItemProxy section */
		8049AC992918134800BA7F1B /* PBXContainerItemProxy */ = {
			isa = PBXContainerItemProxy;
			containerPortal = 8049AC722917EA5200BA7F1B /* Project object */;
			proxyType = 1;
			remoteGlobalIDString = 8049AC792917EA5200BA7F1B;
			remoteInfo = Dependencies;
		};
		8049ACA82918135800BA7F1B /* PBXContainerItemProxy */ = {
			isa = PBXContainerItemProxy;
			containerPortal = 8049AC722917EA5200BA7F1B /* Project object */;
			proxyType = 1;
			remoteGlobalIDString = 8049AC792917EA5200BA7F1B;
			remoteInfo = Dependencies;
		};
/* End PBXContainerItemProxy section */

/* Begin PBXFileReference section */
		8049AC7A2917EA5200BA7F1B /* Dependencies.app */ = {isa = PBXFileReference; explicitFileType = wrapper.application; includeInIndex = 0; path = Dependencies.app; sourceTree = BUILT_PRODUCTS_DIR; };
		8049AC7D2917EA5200BA7F1B /* AppDelegate.swift */ = {isa = PBXFileReference; lastKnownFileType = sourcecode.swift; path = AppDelegate.swift; sourceTree = "<group>"; };
		8049AC7F2917EA5200BA7F1B /* SceneDelegate.swift */ = {isa = PBXFileReference; lastKnownFileType = sourcecode.swift; path = SceneDelegate.swift; sourceTree = "<group>"; };
		8049AC812917EA5200BA7F1B /* ViewController.swift */ = {isa = PBXFileReference; lastKnownFileType = sourcecode.swift; path = ViewController.swift; sourceTree = "<group>"; };
		8049AC842917EA5200BA7F1B /* Base */ = {isa = PBXFileReference; lastKnownFileType = file.storyboard; name = Base; path = Base.lproj/Main.storyboard; sourceTree = "<group>"; };
		8049AC862917EA5300BA7F1B /* Assets.xcassets */ = {isa = PBXFileReference; lastKnownFileType = folder.assetcatalog; path = Assets.xcassets; sourceTree = "<group>"; };
		8049AC892917EA5300BA7F1B /* Base */ = {isa = PBXFileReference; lastKnownFileType = file.storyboard; name = Base; path = Base.lproj/LaunchScreen.storyboard; sourceTree = "<group>"; };
		8049AC8B2917EA5300BA7F1B /* Info.plist */ = {isa = PBXFileReference; lastKnownFileType = text.plist.xml; path = Info.plist; sourceTree = "<group>"; };
		8049AC952918134800BA7F1B /* DependenciesTests.xctest */ = {isa = PBXFileReference; explicitFileType = wrapper.cfbundle; includeInIndex = 0; path = DependenciesTests.xctest; sourceTree = BUILT_PRODUCTS_DIR; };
		8049AC972918134800BA7F1B /* DependenciesTests.swift */ = {isa = PBXFileReference; lastKnownFileType = sourcecode.swift; path = DependenciesTests.swift; sourceTree = "<group>"; };
		8049ACA22918135800BA7F1B /* DependenciesUITests.xctest */ = {isa = PBXFileReference; explicitFileType = wrapper.cfbundle; includeInIndex = 0; path = DependenciesUITests.xctest; sourceTree = BUILT_PRODUCTS_DIR; };
		8049ACA42918135800BA7F1B /* DependenciesUITests.swift */ = {isa = PBXFileReference; lastKnownFileType = sourcecode.swift; path = DependenciesUITests.swift; sourceTree = "<group>"; };
		8049ACA62918135800BA7F1B /* DependenciesUITestsLaunchTests.swift */ = {isa = PBXFileReference; lastKnownFileType = sourcecode.swift; path = DependenciesUITestsLaunchTests.swift; sourceTree = "<group>"; };
/* End PBXFileReference section */

/* Begin PBXFrameworksBuildPhase section */
		8049AC772917EA5200BA7F1B /* Frameworks */ = {
			isa = PBXFrameworksBuildPhase;
			buildActionMask = 2147483647;
			files = (
			);
			runOnlyForDeploymentPostprocessing = 0;
		};
		8049AC922918134800BA7F1B /* Frameworks */ = {
			isa = PBXFrameworksBuildPhase;
			buildActionMask = 2147483647;
			files = (
			);
			runOnlyForDeploymentPostprocessing = 0;
		};
		8049AC9F2918135800BA7F1B /* Frameworks */ = {
			isa = PBXFrameworksBuildPhase;
			buildActionMask = 2147483647;
			files = (
			);
			runOnlyForDeploymentPostprocessing = 0;
		};
/* End PBXFrameworksBuildPhase section */

/* Begin PBXGroup section */
		8049AC712917EA5200BA7F1B = {
			isa = PBXGroup;
			children = (
				8049AC7C2917EA5200BA7F1B /* Dependencies */,
				8049AC962918134800BA7F1B /* DependenciesTests */,
				8049ACA32918135800BA7F1B /* DependenciesUITests */,
				8049AC7B2917EA5200BA7F1B /* Products */,
			);
			sourceTree = "<group>";
		};
		8049AC7B2917EA5200BA7F1B /* Products */ = {
			isa = PBXGroup;
			children = (
				8049AC7A2917EA5200BA7F1B /* Dependencies.app */,
				8049AC952918134800BA7F1B /* DependenciesTests.xctest */,
				8049ACA22918135800BA7F1B /* DependenciesUITests.xctest */,
			);
			name = Products;
			sourceTree = "<group>";
		};
		8049AC7C2917EA5200BA7F1B /* Dependencies */ = {
			isa = PBXGroup;
			children = (
				8049AC7D2917EA5200BA7F1B /* AppDelegate.swift */,
				8049AC7F2917EA5200BA7F1B /* SceneDelegate.swift */,
				8049AC812917EA5200BA7F1B /* ViewController.swift */,
				8049AC832917EA5200BA7F1B /* Main.storyboard */,
				8049AC862917EA5300BA7F1B /* Assets.xcassets */,
				8049AC882917EA5300BA7F1B /* LaunchScreen.storyboard */,
				8049AC8B2917EA5300BA7F1B /* Info.plist */,
			);
			path = Dependencies;
			sourceTree = "<group>";
		};
		8049AC962918134800BA7F1B /* DependenciesTests */ = {
			isa = PBXGroup;
			children = (
				8049AC972918134800BA7F1B /* DependenciesTests.swift */,
			);
			path = DependenciesTests;
			sourceTree = "<group>";
		};
		8049ACA32918135800BA7F1B /* DependenciesUITests */ = {
			isa = PBXGroup;
			children = (
				8049ACA42918135800BA7F1B /* DependenciesUITests.swift */,
				8049ACA62918135800BA7F1B /* DependenciesUITestsLaunchTests.swift */,
			);
			path = DependenciesUITests;
			sourceTree = "<group>";
		};
/* End PBXGroup section */

/* Begin PBXNativeTarget section */
		8049AC792917EA5200BA7F1B /* Dependencies */ = {
			isa = PBXNativeTarget;
			buildConfigurationList = 8049AC8E2917EA5300BA7F1B /* Build configuration list for PBXNativeTarget "Dependencies" */;
			buildPhases = (
				8049AC762917EA5200BA7F1B /* Sources */,
				8049AC772917EA5200BA7F1B /* Frameworks */,
				8049AC782917EA5200BA7F1B /* Resources */,
			);
			buildRules = (
			);
			dependencies = (
			);
			name = Dependencies;
			productName = Dependencies;
			productReference = 8049AC7A2917EA5200BA7F1B /* Dependencies.app */;
			productType = "com.apple.product-type.application";
		};
		8049AC942918134800BA7F1B /* DependenciesTests */ = {
			isa = PBXNativeTarget;
			buildConfigurationList = 8049AC9B2918134800BA7F1B /* Build configuration list for PBXNativeTarget "DependenciesTests" */;
			buildPhases = (
				8049AC912918134800BA7F1B /* Sources */,
				8049AC922918134800BA7F1B /* Frameworks */,
				8049AC932918134800BA7F1B /* Resources */,
			);
			buildRules = (
			);
			dependencies = (
				8049AC9A2918134800BA7F1B /* PBXTargetDependency */,
			);
			name = DependenciesTests;
			productName = DependenciesTests;
			productReference = 8049AC952918134800BA7F1B /* DependenciesTests.xctest */;
			productType = "com.apple.product-type.bundle.unit-test";
		};
		8049ACA12918135800BA7F1B /* DependenciesUITests */ = {
			isa = PBXNativeTarget;
			buildConfigurationList = 8049ACAA2918135800BA7F1B /* Build configuration list for PBXNativeTarget "DependenciesUITests" */;
			buildPhases = (
				8049AC9E2918135800BA7F1B /* Sources */,
				8049AC9F2918135800BA7F1B /* Frameworks */,
				8049ACA02918135800BA7F1B /* Resources */,
			);
			buildRules = (
			);
			dependencies = (
				8049ACA92918135800BA7F1B /* PBXTargetDependency */,
			);
			name = DependenciesUITests;
			productName = DependenciesUITests;
			productReference = 8049ACA22918135800BA7F1B /* DependenciesUITests.xctest */;
			productType = "com.apple.product-type.bundle.ui-testing";
		};
/* End PBXNativeTarget section */

/* Begin PBXProject section */
		8049AC722917EA5200BA7F1B /* Project object */ = {
			isa = PBXProject;
			attributes = {
				BuildIndependentTargetsInParallel = 1;
				LastSwiftUpdateCheck = 1410;
				LastUpgradeCheck = 1410;
				TargetAttributes = {
					8049AC792917EA5200BA7F1B = {
						CreatedOnToolsVersion = 14.1;
					};
					8049AC942918134800BA7F1B = {
						CreatedOnToolsVersion = 14.1;
						TestTargetID = 8049AC792917EA5200BA7F1B;
					};
					8049ACA12918135800BA7F1B = {
						CreatedOnToolsVersion = 14.1;
						TestTargetID = 8049AC792917EA5200BA7F1B;
					};
				};
			};
			buildConfigurationList = 8049AC752917EA5200BA7F1B /* Build configuration list for PBXProject "Dependencies" */;
			compatibilityVersion = "Xcode 14.0";
			developmentRegion = en;
			hasScannedForEncodings = 0;
			knownRegions = (
				en,
				Base,
			);
			mainGroup = 8049AC712917EA5200BA7F1B;
			productRefGroup = 8049AC7B2917EA5200BA7F1B /* Products */;
			projectDirPath = "";
			projectRoot = "";
			targets = (
				8049AC792917EA5200BA7F1B /* Dependencies */,
				8049AC942918134800BA7F1B /* DependenciesTests */,
				8049ACA12918135800BA7F1B /* DependenciesUITests */,
			);
		};
/* End PBXProject section */

/* Begin PBXResourcesBuildPhase section */
		8049AC782917EA5200BA7F1B /* Resources */ = {
			isa = PBXResourcesBuildPhase;
			buildActionMask = 2147483647;
			files = (
				8049AC8A2917EA5300BA7F1B /* LaunchScreen.storyboard in Resources */,
				8049AC872917EA5300BA7F1B /* Assets.xcassets in Resources */,
				8049AC852917EA5200BA7F1B /* Main.storyboard in Resources */,
			);
			runOnlyForDeploymentPostprocessing = 0;
		};
		8049AC932918134800BA7F1B /* Resources */ = {
			isa = PBXResourcesBuildPhase;
			buildActionMask = 2147483647;
			files = (
			);
			runOnlyForDeploymentPostprocessing = 0;
		};
		8049ACA02918135800BA7F1B /* Resources */ = {
			isa = PBXResourcesBuildPhase;
			buildActionMask = 2147483647;
			files = (
			);
			runOnlyForDeploymentPostprocessing = 0;
		};
/* End PBXResourcesBuildPhase section */

/* Begin PBXSourcesBuildPhase section */
		8049AC762917EA5200BA7F1B /* Sources */ = {
			isa = PBXSourcesBuildPhase;
			buildActionMask = 2147483647;
			files = (
				8049AC822917EA5200BA7F1B /* ViewController.swift in Sources */,
				8049AC7E2917EA5200BA7F1B /* AppDelegate.swift in Sources */,
				8049AC802917EA5200BA7F1B /* SceneDelegate.swift in Sources */,
			);
			runOnlyForDeploymentPostprocessing = 0;
		};
		8049AC912918134800BA7F1B /* Sources */ = {
			isa = PBXSourcesBuildPhase;
			buildActionMask = 2147483647;
			files = (
				8049AC982918134800BA7F1B /* DependenciesTests.swift in Sources */,
			);
			runOnlyForDeploymentPostprocessing = 0;
		};
		8049AC9E2918135800BA7F1B /* Sources */ = {
			isa = PBXSourcesBuildPhase;
			buildActionMask = 2147483647;
			files = (
				8049ACA52918135800BA7F1B /* DependenciesUITests.swift in Sources */,
				8049ACA72918135800BA7F1B /* DependenciesUITestsLaunchTests.swift in Sources */,
			);
			runOnlyForDeploymentPostprocessing = 0;
		};
/* End PBXSourcesBuildPhase section */

/* Begin PBXTargetDependency section */
		8049AC9A2918134800BA7F1B /* PBXTargetDependency */ = {
			isa = PBXTargetDependency;
			target = 8049AC792917EA5200BA7F1B /* Dependencies */;
			targetProxy = 8049AC992918134800BA7F1B /* PBXContainerItemProxy */;
		};
		8049ACA92918135800BA7F1B /* PBXTargetDependency */ = {
			isa = PBXTargetDependency;
			target = 8049AC792917EA5200BA7F1B /* Dependencies */;
			targetProxy = 8049ACA82918135800BA7F1B /* PBXContainerItemProxy */;
		};
/* End PBXTargetDependency section */

/* Begin PBXVariantGroup section */
		8049AC832917EA5200BA7F1B /* Main.storyboard */ = {
			isa = PBXVariantGroup;
			children = (
				8049AC842917EA5200BA7F1B /* Base */,
			);
			name = Main.storyboard;
			sourceTree = "<group>";
		};
		8049AC882917EA5300BA7F1B /* LaunchScreen.storyboard */ = {
			isa = PBXVariantGroup;
			children = (
				8049AC892917EA5300BA7F1B /* Base */,
			);
			name = LaunchScreen.storyboard;
			sourceTree = "<group>";
		};
/* End PBXVariantGroup section */

/* Begin XCBuildConfiguration section */
		8049AC8C2917EA5300BA7F1B /* Debug */ = {
			isa = XCBuildConfiguration;
			buildSettings = {
				ALWAYS_SEARCH_USER_PATHS = NO;
				CLANG_ANALYZER_NONNULL = YES;
				CLANG_ANALYZER_NUMBER_OBJECT_CONVERSION = YES_AGGRESSIVE;
				CLANG_CXX_LANGUAGE_STANDARD = "gnu++20";
				CLANG_ENABLE_MODULES = YES;
				CLANG_ENABLE_OBJC_ARC = YES;
				CLANG_ENABLE_OBJC_WEAK = YES;
				CLANG_WARN_BLOCK_CAPTURE_AUTORELEASING = YES;
				CLANG_WARN_BOOL_CONVERSION = YES;
				CLANG_WARN_COMMA = YES;
				CLANG_WARN_CONSTANT_CONVERSION = YES;
				CLANG_WARN_DEPRECATED_OBJC_IMPLEMENTATIONS = YES;
				CLANG_WARN_DIRECT_OBJC_ISA_USAGE = YES_ERROR;
				CLANG_WARN_DOCUMENTATION_COMMENTS = YES;
				CLANG_WARN_EMPTY_BODY = YES;
				CLANG_WARN_ENUM_CONVERSION = YES;
				CLANG_WARN_INFINITE_RECURSION = YES;
				CLANG_WARN_INT_CONVERSION = YES;
				CLANG_WARN_NON_LITERAL_NULL_CONVERSION = YES;
				CLANG_WARN_OBJC_IMPLICIT_RETAIN_SELF = YES;
				CLANG_WARN_OBJC_LITERAL_CONVERSION = YES;
				CLANG_WARN_OBJC_ROOT_CLASS = YES_ERROR;
				CLANG_WARN_QUOTED_INCLUDE_IN_FRAMEWORK_HEADER = YES;
				CLANG_WARN_RANGE_LOOP_ANALYSIS = YES;
				CLANG_WARN_STRICT_PROTOTYPES = YES;
				CLANG_WARN_SUSPICIOUS_MOVE = YES;
				CLANG_WARN_UNGUARDED_AVAILABILITY = YES_AGGRESSIVE;
				CLANG_WARN_UNREACHABLE_CODE = YES;
				CLANG_WARN__DUPLICATE_METHOD_MATCH = YES;
				COPY_PHASE_STRIP = NO;
				DEBUG_INFORMATION_FORMAT = dwarf;
				ENABLE_STRICT_OBJC_MSGSEND = YES;
				ENABLE_TESTABILITY = YES;
				GCC_C_LANGUAGE_STANDARD = gnu11;
				GCC_DYNAMIC_NO_PIC = NO;
				GCC_NO_COMMON_BLOCKS = YES;
				GCC_OPTIMIZATION_LEVEL = 0;
				GCC_PREPROCESSOR_DEFINITIONS = (
					"DEBUG=1",
					"$(inherited)",
				);
				GCC_WARN_64_TO_32_BIT_CONVERSION = YES;
				GCC_WARN_ABOUT_RETURN_TYPE = YES_ERROR;
				GCC_WARN_UNDECLARED_SELECTOR = YES;
				GCC_WARN_UNINITIALIZED_AUTOS = YES_AGGRESSIVE;
				GCC_WARN_UNUSED_FUNCTION = YES;
				GCC_WARN_UNUSED_VARIABLE = YES;
				IPHONEOS_DEPLOYMENT_TARGET = 16.1;
				MTL_ENABLE_DEBUG_INFO = INCLUDE_SOURCE;
				MTL_FAST_MATH = YES;
				ONLY_ACTIVE_ARCH = YES;
				SDKROOT = iphoneos;
				SWIFT_ACTIVE_COMPILATION_CONDITIONS = DEBUG;
				SWIFT_OPTIMIZATION_LEVEL = "-Onone";
			};
			name = Debug;
		};
		8049AC8D2917EA5300BA7F1B /* Release */ = {
			isa = XCBuildConfiguration;
			buildSettings = {
				ALWAYS_SEARCH_USER_PATHS = NO;
				CLANG_ANALYZER_NONNULL = YES;
				CLANG_ANALYZER_NUMBER_OBJECT_CONVERSION = YES_AGGRESSIVE;
				CLANG_CXX_LANGUAGE_STANDARD = "gnu++20";
				CLANG_ENABLE_MODULES = YES;
				CLANG_ENABLE_OBJC_ARC = YES;
				CLANG_ENABLE_OBJC_WEAK = YES;
				CLANG_WARN_BLOCK_CAPTURE_AUTORELEASING = YES;
				CLANG_WARN_BOOL_CONVERSION = YES;
				CLANG_WARN_COMMA = YES;
				CLANG_WARN_CONSTANT_CONVERSION = YES;
				CLANG_WARN_DEPRECATED_OBJC_IMPLEMENTATIONS = YES;
				CLANG_WARN_DIRECT_OBJC_ISA_USAGE = YES_ERROR;
				CLANG_WARN_DOCUMENTATION_COMMENTS = YES;
				CLANG_WARN_EMPTY_BODY = YES;
				CLANG_WARN_ENUM_CONVERSION = YES;
				CLANG_WARN_INFINITE_RECURSION = YES;
				CLANG_WARN_INT_CONVERSION = YES;
				CLANG_WARN_NON_LITERAL_NULL_CONVERSION = YES;
				CLANG_WARN_OBJC_IMPLICIT_RETAIN_SELF = YES;
				CLANG_WARN_OBJC_LITERAL_CONVERSION = YES;
				CLANG_WARN_OBJC_ROOT_CLASS = YES_ERROR;
				CLANG_WARN_QUOTED_INCLUDE_IN_FRAMEWORK_HEADER = YES;
				CLANG_WARN_RANGE_LOOP_ANALYSIS = YES;
				CLANG_WARN_STRICT_PROTOTYPES = YES;
				CLANG_WARN_SUSPICIOUS_MOVE = YES;
				CLANG_WARN_UNGUARDED_AVAILABILITY = YES_AGGRESSIVE;
				CLANG_WARN_UNREACHABLE_CODE = YES;
				CLANG_WARN__DUPLICATE_METHOD_MATCH = YES;
				COPY_PHASE_STRIP = NO;
				DEBUG_INFORMATION_FORMAT = "dwarf-with-dsym";
				ENABLE_NS_ASSERTIONS = NO;
				ENABLE_STRICT_OBJC_MSGSEND = YES;
				GCC_C_LANGUAGE_STANDARD = gnu11;
				GCC_NO_COMMON_BLOCKS = YES;
				GCC_WARN_64_TO_32_BIT_CONVERSION = YES;
				GCC_WARN_ABOUT_RETURN_TYPE = YES_ERROR;
				GCC_WARN_UNDECLARED_SELECTOR = YES;
				GCC_WARN_UNINITIALIZED_AUTOS = YES_AGGRESSIVE;
				GCC_WARN_UNUSED_FUNCTION = YES;
				GCC_WARN_UNUSED_VARIABLE = YES;
				IPHONEOS_DEPLOYMENT_TARGET = 16.1;
				MTL_ENABLE_DEBUG_INFO = NO;
				MTL_FAST_MATH = YES;
				SDKROOT = iphoneos;
				SWIFT_COMPILATION_MODE = wholemodule;
				SWIFT_OPTIMIZATION_LEVEL = "-O";
				VALIDATE_PRODUCT = YES;
			};
			name = Release;
		};
		8049AC8F2917EA5300BA7F1B /* Debug */ = {
			isa = XCBuildConfiguration;
			buildSettings = {
				ASSETCATALOG_COMPILER_APPICON_NAME = AppIcon;
				ASSETCATALOG_COMPILER_GLOBAL_ACCENT_COLOR_NAME = AccentColor;
				CODE_SIGN_STYLE = Automatic;
				CURRENT_PROJECT_VERSION = 1;
				DEVELOPMENT_TEAM = Q88WS7U793;
				GENERATE_INFOPLIST_FILE = YES;
				INFOPLIST_FILE = Dependencies/Info.plist;
				INFOPLIST_KEY_UIApplicationSupportsIndirectInputEvents = YES;
				INFOPLIST_KEY_UILaunchStoryboardName = LaunchScreen;
				INFOPLIST_KEY_UIMainStoryboardFile = Main;
				INFOPLIST_KEY_UISupportedInterfaceOrientations_iPad = "UIInterfaceOrientationPortrait UIInterfaceOrientationPortraitUpsideDown UIInterfaceOrientationLandscapeLeft UIInterfaceOrientationLandscapeRight";
				INFOPLIST_KEY_UISupportedInterfaceOrientations_iPhone = "UIInterfaceOrientationPortrait UIInterfaceOrientationLandscapeLeft UIInterfaceOrientationLandscapeRight";
				LD_RUNPATH_SEARCH_PATHS = (
					"$(inherited)",
					"@executable_path/Frameworks",
				);
				MARKETING_VERSION = 1.0;
				PRODUCT_BUNDLE_IDENTIFIER = com.Dependencies;
				PRODUCT_NAME = "$(TARGET_NAME)";
				SWIFT_EMIT_LOC_STRINGS = YES;
				SWIFT_VERSION = 5.0;
				TARGETED_DEVICE_FAMILY = "1,2";
			};
			name = Debug;
		};
		8049AC902917EA5300BA7F1B /* Release */ = {
			isa = XCBuildConfiguration;
			buildSettings = {
				ASSETCATALOG_COMPILER_APPICON_NAME = AppIcon;
				ASSETCATALOG_COMPILER_GLOBAL_ACCENT_COLOR_NAME = AccentColor;
				CODE_SIGN_STYLE = Automatic;
				CURRENT_PROJECT_VERSION = 1;
				DEVELOPMENT_TEAM = Q88WS7U793;
				GENERATE_INFOPLIST_FILE = YES;
				INFOPLIST_FILE = Dependencies/Info.plist;
				INFOPLIST_KEY_UIApplicationSupportsIndirectInputEvents = YES;
				INFOPLIST_KEY_UILaunchStoryboardName = LaunchScreen;
				INFOPLIST_KEY_UIMainStoryboardFile = Main;
				INFOPLIST_KEY_UISupportedInterfaceOrientations_iPad = "UIInterfaceOrientationPortrait UIInterfaceOrientationPortraitUpsideDown UIInterfaceOrientationLandscapeLeft UIInterfaceOrientationLandscapeRight";
				INFOPLIST_KEY_UISupportedInterfaceOrientations_iPhone = "UIInterfaceOrientationPortrait UIInterfaceOrientationLandscapeLeft UIInterfaceOrientationLandscapeRight";
				LD_RUNPATH_SEARCH_PATHS = (
					"$(inherited)",
					"@executable_path/Frameworks",
				);
				MARKETING_VERSION = 1.0;
				PRODUCT_BUNDLE_IDENTIFIER = com.Dependencies;
				PRODUCT_NAME = "$(TARGET_NAME)";
				SWIFT_EMIT_LOC_STRINGS = YES;
				SWIFT_VERSION = 5.0;
				TARGETED_DEVICE_FAMILY = "1,2";
			};
			name = Release;
		};
		8049AC9C2918134800BA7F1B /* Debug */ = {
			isa = XCBuildConfiguration;
			buildSettings = {
				BUNDLE_LOADER = "$(TEST_HOST)";
				CODE_SIGN_STYLE = Automatic;
				CURRENT_PROJECT_VERSION = 1;
				DEVELOPMENT_TEAM = Q88WS7U793;
				GENERATE_INFOPLIST_FILE = YES;
				MARKETING_VERSION = 1.0;
				PRODUCT_BUNDLE_IDENTIFIER = com.DependenciesTests;
				PRODUCT_NAME = "$(TARGET_NAME)";
				SWIFT_EMIT_LOC_STRINGS = NO;
				SWIFT_VERSION = 5.0;
				TARGETED_DEVICE_FAMILY = "1,2";
				TEST_HOST = "$(BUILT_PRODUCTS_DIR)/Dependencies.app/$(BUNDLE_EXECUTABLE_FOLDER_PATH)/Dependencies";
			};
			name = Debug;
		};
		8049AC9D2918134800BA7F1B /* Release */ = {
			isa = XCBuildConfiguration;
			buildSettings = {
				BUNDLE_LOADER = "$(TEST_HOST)";
				CODE_SIGN_STYLE = Automatic;
				CURRENT_PROJECT_VERSION = 1;
				DEVELOPMENT_TEAM = Q88WS7U793;
				GENERATE_INFOPLIST_FILE = YES;
				MARKETING_VERSION = 1.0;
				PRODUCT_BUNDLE_IDENTIFIER = com.DependenciesTests;
				PRODUCT_NAME = "$(TARGET_NAME)";
				SWIFT_EMIT_LOC_STRINGS = NO;
				SWIFT_VERSION = 5.0;
				TARGETED_DEVICE_FAMILY = "1,2";
				TEST_HOST = "$(BUILT_PRODUCTS_DIR)/Dependencies.app/$(BUNDLE_EXECUTABLE_FOLDER_PATH)/Dependencies";
			};
			name = Release;
		};
		8049ACAB2918135800BA7F1B /* Debug */ = {
			isa = XCBuildConfiguration;
			buildSettings = {
				CODE_SIGN_STYLE = Automatic;
				CURRENT_PROJECT_VERSION = 1;
				DEVELOPMENT_TEAM = Q88WS7U793;
				GENERATE_INFOPLIST_FILE = YES;
				MARKETING_VERSION = 1.0;
				PRODUCT_BUNDLE_IDENTIFIER = com.DependenciesUITests;
				PRODUCT_NAME = "$(TARGET_NAME)";
				SWIFT_EMIT_LOC_STRINGS = NO;
				SWIFT_VERSION = 5.0;
				TARGETED_DEVICE_FAMILY = "1,2";
				TEST_TARGET_NAME = Dependencies;
			};
			name = Debug;
		};
		8049ACAC2918135800BA7F1B /* Release */ = {
			isa = XCBuildConfiguration;
			buildSettings = {
				CODE_SIGN_STYLE = Automatic;
				CURRENT_PROJECT_VERSION = 1;
				DEVELOPMENT_TEAM = Q88WS7U793;
				GENERATE_INFOPLIST_FILE = YES;
				MARKETING_VERSION = 1.0;
				PRODUCT_BUNDLE_IDENTIFIER = com.DependenciesUITests;
				PRODUCT_NAME = "$(TARGET_NAME)";
				SWIFT_EMIT_LOC_STRINGS = NO;
				SWIFT_VERSION = 5.0;
				TARGETED_DEVICE_FAMILY = "1,2";
				TEST_TARGET_NAME = Dependencies;
			};
			name = Release;
		};
/* End XCBuildConfiguration section */

/* Begin XCConfigurationList section */
		8049AC752917EA5200BA7F1B /* Build configuration list for PBXProject "Dependencies" */ = {
			isa = XCConfigurationList;
			buildConfigurations = (
				8049AC8C2917EA5300BA7F1B /* Debug */,
				8049AC8D2917EA5300BA7F1B /* Release */,
			);
			defaultConfigurationIsVisible = 0;
			defaultConfigurationName = Release;
		};
		8049AC8E2917EA5300BA7F1B /* Build configuration list for PBXNativeTarget "Dependencies" */ = {
			isa = XCConfigurationList;
			buildConfigurations = (
				8049AC8F2917EA5300BA7F1B /* Debug */,
				8049AC902917EA5300BA7F1B /* Release */,
			);
			defaultConfigurationIsVisible = 0;
			defaultConfigurationName = Release;
		};
		8049AC9B2918134800BA7F1B /* Build configuration list for PBXNativeTarget "DependenciesTests" */ = {
			isa = XCConfigurationList;
			buildConfigurations = (
				8049AC9C2918134800BA7F1B /* Debug */,
				8049AC9D2918134800BA7F1B /* Release */,
			);
			defaultConfigurationIsVisible = 0;
			defaultConfigurationName = Release;
		};
		8049ACAA2918135800BA7F1B /* Build configuration list for PBXNativeTarget "DependenciesUITests" */ = {
			isa = XCConfigurationList;
			buildConfigurations = (
				8049ACAB2918135800BA7F1B /* Debug */,
				8049ACAC2918135800BA7F1B /* Release */,
			);
			defaultConfigurationIsVisible = 0;
			defaultConfigurationName = Release;
		};
/* End XCConfigurationList section */
	};
	rootObject = 8049AC722917EA5200BA7F1B /* Project object */;
}
