// !$*UTF8*$!
{
	archiveVersion = 1;
	classes = {
	};
	objectVersion = 56;
	objects = {

/* Begin PBXBuildFile section */
		802119BF29797E2000AD5750 /* AppDelegate.swift in Sources */ = {isa = PBXBuildFile; fileRef = 802119BE29797E2000AD5750 /* AppDelegate.swift */; };
		802119C129797E2000AD5750 /* SceneDelegate.swift in Sources */ = {isa = PBXBuildFile; fileRef = 802119C029797E2000AD5750 /* SceneDelegate.swift */; };
		802119C829797E2200AD5750 /* Assets.xcassets in Resources */ = {isa = PBXBuildFile; fileRef = 802119C729797E2200AD5750 /* Assets.xcassets */; };
		802119CB29797E2200AD5750 /* LaunchScreen.storyboard in Resources */ = {isa = PBXBuildFile; fileRef = 802119C929797E2200AD5750 /* LaunchScreen.storyboard */; };
		80211A5E297C0ED600AD5750 /* OnePresenter.swift in Sources */ = {isa = PBXBuildFile; fileRef = 80211A58297C0ED600AD5750 /* OnePresenter.swift */; };
		80211A5F297C0ED600AD5750 /* OneWorker.swift in Sources */ = {isa = PBXBuildFile; fileRef = 80211A59297C0ED600AD5750 /* OneWorker.swift */; };
		80211A60297C0ED600AD5750 /* OneRouter.swift in Sources */ = {isa = PBXBuildFile; fileRef = 80211A5A297C0ED600AD5750 /* OneRouter.swift */; };
		80211A61297C0ED600AD5750 /* OneModels.swift in Sources */ = {isa = PBXBuildFile; fileRef = 80211A5B297C0ED600AD5750 /* OneModels.swift */; };
		80211A62297C0ED600AD5750 /* OneViewController.swift in Sources */ = {isa = PBXBuildFile; fileRef = 80211A5C297C0ED600AD5750 /* OneViewController.swift */; };
		80211A63297C0ED600AD5750 /* OneInteractor.swift in Sources */ = {isa = PBXBuildFile; fileRef = 80211A5D297C0ED600AD5750 /* OneInteractor.swift */; };
		80211A6A297C0EE100AD5750 /* TwoPresenter.swift in Sources */ = {isa = PBXBuildFile; fileRef = 80211A64297C0EE100AD5750 /* TwoPresenter.swift */; };
		80211A6B297C0EE100AD5750 /* TwoWorker.swift in Sources */ = {isa = PBXBuildFile; fileRef = 80211A65297C0EE100AD5750 /* TwoWorker.swift */; };
		80211A6C297C0EE100AD5750 /* TwoRouter.swift in Sources */ = {isa = PBXBuildFile; fileRef = 80211A66297C0EE100AD5750 /* TwoRouter.swift */; };
		80211A6D297C0EE100AD5750 /* TwoModels.swift in Sources */ = {isa = PBXBuildFile; fileRef = 80211A67297C0EE100AD5750 /* TwoModels.swift */; };
		80211A6E297C0EE100AD5750 /* TwoViewController.swift in Sources */ = {isa = PBXBuildFile; fileRef = 80211A68297C0EE100AD5750 /* TwoViewController.swift */; };
		80211A6F297C0EE100AD5750 /* TwoInteractor.swift in Sources */ = {isa = PBXBuildFile; fileRef = 80211A69297C0EE100AD5750 /* TwoInteractor.swift */; };
/* End PBXBuildFile section */

/* Begin PBXFileReference section */
		802119BB29797E2000AD5750 /* CleanSwiftProject.app */ = {isa = PBXFileReference; explicitFileType = wrapper.application; includeInIndex = 0; path = CleanSwiftProject.app; sourceTree = BUILT_PRODUCTS_DIR; };
		802119BE29797E2000AD5750 /* AppDelegate.swift */ = {isa = PBXFileReference; lastKnownFileType = sourcecode.swift; path = AppDelegate.swift; sourceTree = "<group>"; };
		802119C029797E2000AD5750 /* SceneDelegate.swift */ = {isa = PBXFileReference; lastKnownFileType = sourcecode.swift; path = SceneDelegate.swift; sourceTree = "<group>"; };
		802119C729797E2200AD5750 /* Assets.xcassets */ = {isa = PBXFileReference; lastKnownFileType = folder.assetcatalog; path = Assets.xcassets; sourceTree = "<group>"; };
		802119CA29797E2200AD5750 /* Base */ = {isa = PBXFileReference; lastKnownFileType = file.storyboard; name = Base; path = Base.lproj/LaunchScreen.storyboard; sourceTree = "<group>"; };
		802119CC29797E2200AD5750 /* Info.plist */ = {isa = PBXFileReference; lastKnownFileType = text.plist.xml; path = Info.plist; sourceTree = "<group>"; };
		80211A58297C0ED600AD5750 /* OnePresenter.swift */ = {isa = PBXFileReference; lastKnownFileType = sourcecode.swift; path = OnePresenter.swift; sourceTree = "<group>"; };
		80211A59297C0ED600AD5750 /* OneWorker.swift */ = {isa = PBXFileReference; lastKnownFileType = sourcecode.swift; path = OneWorker.swift; sourceTree = "<group>"; };
		80211A5A297C0ED600AD5750 /* OneRouter.swift */ = {isa = PBXFileReference; lastKnownFileType = sourcecode.swift; path = OneRouter.swift; sourceTree = "<group>"; };
		80211A5B297C0ED600AD5750 /* OneModels.swift */ = {isa = PBXFileReference; lastKnownFileType = sourcecode.swift; path = OneModels.swift; sourceTree = "<group>"; };
		80211A5C297C0ED600AD5750 /* OneViewController.swift */ = {isa = PBXFileReference; lastKnownFileType = sourcecode.swift; path = OneViewController.swift; sourceTree = "<group>"; };
		80211A5D297C0ED600AD5750 /* OneInteractor.swift */ = {isa = PBXFileReference; lastKnownFileType = sourcecode.swift; path = OneInteractor.swift; sourceTree = "<group>"; };
		80211A64297C0EE100AD5750 /* TwoPresenter.swift */ = {isa = PBXFileReference; lastKnownFileType = sourcecode.swift; path = TwoPresenter.swift; sourceTree = "<group>"; };
		80211A65297C0EE100AD5750 /* TwoWorker.swift */ = {isa = PBXFileReference; lastKnownFileType = sourcecode.swift; path = TwoWorker.swift; sourceTree = "<group>"; };
		80211A66297C0EE100AD5750 /* TwoRouter.swift */ = {isa = PBXFileReference; lastKnownFileType = sourcecode.swift; path = TwoRouter.swift; sourceTree = "<group>"; };
		80211A67297C0EE100AD5750 /* TwoModels.swift */ = {isa = PBXFileReference; lastKnownFileType = sourcecode.swift; path = TwoModels.swift; sourceTree = "<group>"; };
		80211A68297C0EE100AD5750 /* TwoViewController.swift */ = {isa = PBXFileReference; lastKnownFileType = sourcecode.swift; path = TwoViewController.swift; sourceTree = "<group>"; };
		80211A69297C0EE100AD5750 /* TwoInteractor.swift */ = {isa = PBXFileReference; lastKnownFileType = sourcecode.swift; path = TwoInteractor.swift; sourceTree = "<group>"; };
/* End PBXFileReference section */

/* Begin PBXFrameworksBuildPhase section */
		802119B829797E2000AD5750 /* Frameworks */ = {
			isa = PBXFrameworksBuildPhase;
			buildActionMask = 2147483647;
			files = (
			);
			runOnlyForDeploymentPostprocessing = 0;
		};
/* End PBXFrameworksBuildPhase section */

/* Begin PBXGroup section */
		802119B229797E2000AD5750 = {
			isa = PBXGroup;
			children = (
				802119BD29797E2000AD5750 /* CleanSwiftProject */,
				802119BC29797E2000AD5750 /* Products */,
			);
			sourceTree = "<group>";
		};
		802119BC29797E2000AD5750 /* Products */ = {
			isa = PBXGroup;
			children = (
				802119BB29797E2000AD5750 /* CleanSwiftProject.app */,
			);
			name = Products;
			sourceTree = "<group>";
		};
		802119BD29797E2000AD5750 /* CleanSwiftProject */ = {
			isa = PBXGroup;
			children = (
				802119BE29797E2000AD5750 /* AppDelegate.swift */,
				80211A56297C0EC600AD5750 /* One */,
				80211A57297C0ECA00AD5750 /* Two */,
				802119C729797E2200AD5750 /* Assets.xcassets */,
				802119C029797E2000AD5750 /* SceneDelegate.swift */,
				802119EC29797FCF00AD5750 /* Supporting */,
			);
			path = CleanSwiftProject;
			sourceTree = "<group>";
		};
		802119EC29797FCF00AD5750 /* Supporting */ = {
			isa = PBXGroup;
			children = (
				802119C929797E2200AD5750 /* LaunchScreen.storyboard */,
				802119CC29797E2200AD5750 /* Info.plist */,
			);
			path = Supporting;
			sourceTree = "<group>";
		};
		80211A56297C0EC600AD5750 /* One */ = {
			isa = PBXGroup;
			children = (
				80211A58297C0ED600AD5750 /* OnePresenter.swift */,
				80211A59297C0ED600AD5750 /* OneWorker.swift */,
				80211A5A297C0ED600AD5750 /* OneRouter.swift */,
				80211A5B297C0ED600AD5750 /* OneModels.swift */,
				80211A5C297C0ED600AD5750 /* OneViewController.swift */,
				80211A5D297C0ED600AD5750 /* OneInteractor.swift */,
			);
			path = One;
			sourceTree = "<group>";
		};
		80211A57297C0ECA00AD5750 /* Two */ = {
			isa = PBXGroup;
			children = (
				80211A64297C0EE100AD5750 /* TwoPresenter.swift */,
				80211A65297C0EE100AD5750 /* TwoWorker.swift */,
				80211A66297C0EE100AD5750 /* TwoRouter.swift */,
				80211A67297C0EE100AD5750 /* TwoModels.swift */,
				80211A68297C0EE100AD5750 /* TwoViewController.swift */,
				80211A69297C0EE100AD5750 /* TwoInteractor.swift */,
			);
			path = Two;
			sourceTree = "<group>";
		};
/* End PBXGroup section */

/* Begin PBXNativeTarget section */
		802119BA29797E2000AD5750 /* CleanSwiftProject */ = {
			isa = PBXNativeTarget;
			buildConfigurationList = 802119CF29797E2200AD5750 /* Build configuration list for PBXNativeTarget "CleanSwiftProject" */;
			buildPhases = (
				802119B729797E2000AD5750 /* Sources */,
				802119B829797E2000AD5750 /* Frameworks */,
				802119B929797E2000AD5750 /* Resources */,
			);
			buildRules = (
			);
			dependencies = (
			);
			name = CleanSwiftProject;
			productName = CleanSwiftProject;
			productReference = 802119BB29797E2000AD5750 /* CleanSwiftProject.app */;
			productType = "com.apple.product-type.application";
		};
/* End PBXNativeTarget section */

/* Begin PBXProject section */
		802119B329797E2000AD5750 /* Project object */ = {
			isa = PBXProject;
			attributes = {
				BuildIndependentTargetsInParallel = 1;
				LastSwiftUpdateCheck = 1420;
				LastUpgradeCheck = 1420;
				TargetAttributes = {
					802119BA29797E2000AD5750 = {
						CreatedOnToolsVersion = 14.2;
					};
				};
			};
			buildConfigurationList = 802119B629797E2000AD5750 /* Build configuration list for PBXProject "CleanSwiftProject" */;
			compatibilityVersion = "Xcode 14.0";
			developmentRegion = en;
			hasScannedForEncodings = 0;
			knownRegions = (
				en,
				Base,
			);
			mainGroup = 802119B229797E2000AD5750;
			productRefGroup = 802119BC29797E2000AD5750 /* Products */;
			projectDirPath = "";
			projectRoot = "";
			targets = (
				802119BA29797E2000AD5750 /* CleanSwiftProject */,
			);
		};
/* End PBXProject section */

/* Begin PBXResourcesBuildPhase section */
		802119B929797E2000AD5750 /* Resources */ = {
			isa = PBXResourcesBuildPhase;
			buildActionMask = 2147483647;
			files = (
				802119CB29797E2200AD5750 /* LaunchScreen.storyboard in Resources */,
				802119C829797E2200AD5750 /* Assets.xcassets in Resources */,
			);
			runOnlyForDeploymentPostprocessing = 0;
		};
/* End PBXResourcesBuildPhase section */

/* Begin PBXSourcesBuildPhase section */
		802119B729797E2000AD5750 /* Sources */ = {
			isa = PBXSourcesBuildPhase;
			buildActionMask = 2147483647;
			files = (
				80211A61297C0ED600AD5750 /* OneModels.swift in Sources */,
				80211A6F297C0EE100AD5750 /* TwoInteractor.swift in Sources */,
				80211A6C297C0EE100AD5750 /* TwoRouter.swift in Sources */,
				80211A5E297C0ED600AD5750 /* OnePresenter.swift in Sources */,
				802119BF29797E2000AD5750 /* AppDelegate.swift in Sources */,
				80211A6D297C0EE100AD5750 /* TwoModels.swift in Sources */,
				80211A6A297C0EE100AD5750 /* TwoPresenter.swift in Sources */,
				80211A63297C0ED600AD5750 /* OneInteractor.swift in Sources */,
				80211A5F297C0ED600AD5750 /* OneWorker.swift in Sources */,
				80211A6B297C0EE100AD5750 /* TwoWorker.swift in Sources */,
				80211A60297C0ED600AD5750 /* OneRouter.swift in Sources */,
				80211A62297C0ED600AD5750 /* OneViewController.swift in Sources */,
				80211A6E297C0EE100AD5750 /* TwoViewController.swift in Sources */,
				802119C129797E2000AD5750 /* SceneDelegate.swift in Sources */,
			);
			runOnlyForDeploymentPostprocessing = 0;
		};
/* End PBXSourcesBuildPhase section */

/* Begin PBXVariantGroup section */
		802119C929797E2200AD5750 /* LaunchScreen.storyboard */ = {
			isa = PBXVariantGroup;
			children = (
				802119CA29797E2200AD5750 /* Base */,
			);
			name = LaunchScreen.storyboard;
			sourceTree = "<group>";
		};
/* End PBXVariantGroup section */

/* Begin XCBuildConfiguration section */
		802119CD29797E2200AD5750 /* Debug */ = {
			isa = XCBuildConfiguration;
			buildSettings = {
				ALWAYS_SEARCH_USER_PATHS = NO;
				CLANG_ANALYZER_NONNULL = YES;
				CLANG_ANALYZER_NUMBER_OBJECT_CONVERSION = YES_AGGRESSIVE;
				CLANG_CXX_LANGUAGE_STANDARD = "gnu++20";
				CLANG_ENABLE_MODULES = YES;
				CLANG_ENABLE_OBJC_ARC = YES;
				CLANG_ENABLE_OBJC_WEAK = YES;
				CLANG_WARN_BLOCK_CAPTURE_AUTORELEASING = YES;
				CLANG_WARN_BOOL_CONVERSION = YES;
				CLANG_WARN_COMMA = YES;
				CLANG_WARN_CONSTANT_CONVERSION = YES;
				CLANG_WARN_DEPRECATED_OBJC_IMPLEMENTATIONS = YES;
				CLANG_WARN_DIRECT_OBJC_ISA_USAGE = YES_ERROR;
				CLANG_WARN_DOCUMENTATION_COMMENTS = YES;
				CLANG_WARN_EMPTY_BODY = YES;
				CLANG_WARN_ENUM_CONVERSION = YES;
				CLANG_WARN_INFINITE_RECURSION = YES;
				CLANG_WARN_INT_CONVERSION = YES;
				CLANG_WARN_NON_LITERAL_NULL_CONVERSION = YES;
				CLANG_WARN_OBJC_IMPLICIT_RETAIN_SELF = YES;
				CLANG_WARN_OBJC_LITERAL_CONVERSION = YES;
				CLANG_WARN_OBJC_ROOT_CLASS = YES_ERROR;
				CLANG_WARN_QUOTED_INCLUDE_IN_FRAMEWORK_HEADER = YES;
				CLANG_WARN_RANGE_LOOP_ANALYSIS = YES;
				CLANG_WARN_STRICT_PROTOTYPES = YES;
				CLANG_WARN_SUSPICIOUS_MOVE = YES;
				CLANG_WARN_UNGUARDED_AVAILABILITY = YES_AGGRESSIVE;
				CLANG_WARN_UNREACHABLE_CODE = YES;
				CLANG_WARN__DUPLICATE_METHOD_MATCH = YES;
				COPY_PHASE_STRIP = NO;
				DEBUG_INFORMATION_FORMAT = dwarf;
				ENABLE_STRICT_OBJC_MSGSEND = YES;
				ENABLE_TESTABILITY = YES;
				GCC_C_LANGUAGE_STANDARD = gnu11;
				GCC_DYNAMIC_NO_PIC = NO;
				GCC_NO_COMMON_BLOCKS = YES;
				GCC_OPTIMIZATION_LEVEL = 0;
				GCC_PREPROCESSOR_DEFINITIONS = (
					"DEBUG=1",
					"$(inherited)",
				);
				GCC_WARN_64_TO_32_BIT_CONVERSION = YES;
				GCC_WARN_ABOUT_RETURN_TYPE = YES_ERROR;
				GCC_WARN_UNDECLARED_SELECTOR = YES;
				GCC_WARN_UNINITIALIZED_AUTOS = YES_AGGRESSIVE;
				GCC_WARN_UNUSED_FUNCTION = YES;
				GCC_WARN_UNUSED_VARIABLE = YES;
				IPHONEOS_DEPLOYMENT_TARGET = 16.2;
				MTL_ENABLE_DEBUG_INFO = INCLUDE_SOURCE;
				MTL_FAST_MATH = YES;
				ONLY_ACTIVE_ARCH = YES;
				SDKROOT = iphoneos;
				SWIFT_ACTIVE_COMPILATION_CONDITIONS = DEBUG;
				SWIFT_OPTIMIZATION_LEVEL = "-Onone";
			};
			name = Debug;
		};
		802119CE29797E2200AD5750 /* Release */ = {
			isa = XCBuildConfiguration;
			buildSettings = {
				ALWAYS_SEARCH_USER_PATHS = NO;
				CLANG_ANALYZER_NONNULL = YES;
				CLANG_ANALYZER_NUMBER_OBJECT_CONVERSION = YES_AGGRESSIVE;
				CLANG_CXX_LANGUAGE_STANDARD = "gnu++20";
				CLANG_ENABLE_MODULES = YES;
				CLANG_ENABLE_OBJC_ARC = YES;
				CLANG_ENABLE_OBJC_WEAK = YES;
				CLANG_WARN_BLOCK_CAPTURE_AUTORELEASING = YES;
				CLANG_WARN_BOOL_CONVERSION = YES;
				CLANG_WARN_COMMA = YES;
				CLANG_WARN_CONSTANT_CONVERSION = YES;
				CLANG_WARN_DEPRECATED_OBJC_IMPLEMENTATIONS = YES;
				CLANG_WARN_DIRECT_OBJC_ISA_USAGE = YES_ERROR;
				CLANG_WARN_DOCUMENTATION_COMMENTS = YES;
				CLANG_WARN_EMPTY_BODY = YES;
				CLANG_WARN_ENUM_CONVERSION = YES;
				CLANG_WARN_INFINITE_RECURSION = YES;
				CLANG_WARN_INT_CONVERSION = YES;
				CLANG_WARN_NON_LITERAL_NULL_CONVERSION = YES;
				CLANG_WARN_OBJC_IMPLICIT_RETAIN_SELF = YES;
				CLANG_WARN_OBJC_LITERAL_CONVERSION = YES;
				CLANG_WARN_OBJC_ROOT_CLASS = YES_ERROR;
				CLANG_WARN_QUOTED_INCLUDE_IN_FRAMEWORK_HEADER = YES;
				CLANG_WARN_RANGE_LOOP_ANALYSIS = YES;
				CLANG_WARN_STRICT_PROTOTYPES = YES;
				CLANG_WARN_SUSPICIOUS_MOVE = YES;
				CLANG_WARN_UNGUARDED_AVAILABILITY = YES_AGGRESSIVE;
				CLANG_WARN_UNREACHABLE_CODE = YES;
				CLANG_WARN__DUPLICATE_METHOD_MATCH = YES;
				COPY_PHASE_STRIP = NO;
				DEBUG_INFORMATION_FORMAT = "dwarf-with-dsym";
				ENABLE_NS_ASSERTIONS = NO;
				ENABLE_STRICT_OBJC_MSGSEND = YES;
				GCC_C_LANGUAGE_STANDARD = gnu11;
				GCC_NO_COMMON_BLOCKS = YES;
				GCC_WARN_64_TO_32_BIT_CONVERSION = YES;
				GCC_WARN_ABOUT_RETURN_TYPE = YES_ERROR;
				GCC_WARN_UNDECLARED_SELECTOR = YES;
				GCC_WARN_UNINITIALIZED_AUTOS = YES_AGGRESSIVE;
				GCC_WARN_UNUSED_FUNCTION = YES;
				GCC_WARN_UNUSED_VARIABLE = YES;
				IPHONEOS_DEPLOYMENT_TARGET = 16.2;
				MTL_ENABLE_DEBUG_INFO = NO;
				MTL_FAST_MATH = YES;
				SDKROOT = iphoneos;
				SWIFT_COMPILATION_MODE = wholemodule;
				SWIFT_OPTIMIZATION_LEVEL = "-O";
				VALIDATE_PRODUCT = YES;
			};
			name = Release;
		};
		802119D029797E2200AD5750 /* Debug */ = {
			isa = XCBuildConfiguration;
			buildSettings = {
				ASSETCATALOG_COMPILER_APPICON_NAME = AppIcon;
				ASSETCATALOG_COMPILER_GLOBAL_ACCENT_COLOR_NAME = AccentColor;
				CODE_SIGN_STYLE = Automatic;
				CURRENT_PROJECT_VERSION = 1;
				DEVELOPMENT_TEAM = Q88WS7U793;
				GENERATE_INFOPLIST_FILE = YES;
				INFOPLIST_FILE = CleanSwiftProject/Supporting/Info.plist;
				INFOPLIST_KEY_UIApplicationSupportsIndirectInputEvents = YES;
				INFOPLIST_KEY_UILaunchStoryboardName = LaunchScreen;
				INFOPLIST_KEY_UISupportedInterfaceOrientations_iPad = "UIInterfaceOrientationPortrait UIInterfaceOrientationPortraitUpsideDown UIInterfaceOrientationLandscapeLeft UIInterfaceOrientationLandscapeRight";
				INFOPLIST_KEY_UISupportedInterfaceOrientations_iPhone = "UIInterfaceOrientationPortrait UIInterfaceOrientationLandscapeLeft UIInterfaceOrientationLandscapeRight";
				IPHONEOS_DEPLOYMENT_TARGET = 15.0;
				LD_RUNPATH_SEARCH_PATHS = (
					"$(inherited)",
					"@executable_path/Frameworks",
				);
				MARKETING_VERSION = 1.0;
				PRODUCT_BUNDLE_IDENTIFIER = myProject.Komar.CleanSwiftProject;
				PRODUCT_NAME = "$(TARGET_NAME)";
				SWIFT_EMIT_LOC_STRINGS = YES;
				SWIFT_VERSION = 5.0;
				TARGETED_DEVICE_FAMILY = "1,2";
			};
			name = Debug;
		};
		802119D129797E2200AD5750 /* Release */ = {
			isa = XCBuildConfiguration;
			buildSettings = {
				ASSETCATALOG_COMPILER_APPICON_NAME = AppIcon;
				ASSETCATALOG_COMPILER_GLOBAL_ACCENT_COLOR_NAME = AccentColor;
				CODE_SIGN_STYLE = Automatic;
				CURRENT_PROJECT_VERSION = 1;
				DEVELOPMENT_TEAM = Q88WS7U793;
				GENERATE_INFOPLIST_FILE = YES;
				INFOPLIST_FILE = CleanSwiftProject/Supporting/Info.plist;
				INFOPLIST_KEY_UIApplicationSupportsIndirectInputEvents = YES;
				INFOPLIST_KEY_UILaunchStoryboardName = LaunchScreen;
				INFOPLIST_KEY_UISupportedInterfaceOrientations_iPad = "UIInterfaceOrientationPortrait UIInterfaceOrientationPortraitUpsideDown UIInterfaceOrientationLandscapeLeft UIInterfaceOrientationLandscapeRight";
				INFOPLIST_KEY_UISupportedInterfaceOrientations_iPhone = "UIInterfaceOrientationPortrait UIInterfaceOrientationLandscapeLeft UIInterfaceOrientationLandscapeRight";
				IPHONEOS_DEPLOYMENT_TARGET = 15.0;
				LD_RUNPATH_SEARCH_PATHS = (
					"$(inherited)",
					"@executable_path/Frameworks",
				);
				MARKETING_VERSION = 1.0;
				PRODUCT_BUNDLE_IDENTIFIER = myProject.Komar.CleanSwiftProject;
				PRODUCT_NAME = "$(TARGET_NAME)";
				SWIFT_EMIT_LOC_STRINGS = YES;
				SWIFT_VERSION = 5.0;
				TARGETED_DEVICE_FAMILY = "1,2";
			};
			name = Release;
		};
/* End XCBuildConfiguration section */

/* Begin XCConfigurationList section */
		802119B629797E2000AD5750 /* Build configuration list for PBXProject "CleanSwiftProject" */ = {
			isa = XCConfigurationList;
			buildConfigurations = (
				802119CD29797E2200AD5750 /* Debug */,
				802119CE29797E2200AD5750 /* Release */,
			);
			defaultConfigurationIsVisible = 0;
			defaultConfigurationName = Release;
		};
		802119CF29797E2200AD5750 /* Build configuration list for PBXNativeTarget "CleanSwiftProject" */ = {
			isa = XCConfigurationList;
			buildConfigurations = (
				802119D029797E2200AD5750 /* Debug */,
				802119D129797E2200AD5750 /* Release */,
			);
			defaultConfigurationIsVisible = 0;
			defaultConfigurationName = Release;
		};
/* End XCConfigurationList section */
	};
	rootObject = 802119B329797E2000AD5750 /* Project object */;
}
