// !$*UTF8*$!
{
	archiveVersion = 1;
	classes = {
	};
	objectVersion = 56;
	objects = {

/* Begin PBXBuildFile section */
		80CE5146290841CF0009AD65 /* AppDelegate.swift in Sources */ = {isa = PBXBuildFile; fileRef = 80CE5145290841CF0009AD65 /* AppDelegate.swift */; };
		80CE5148290841CF0009AD65 /* SceneDelegate.swift in Sources */ = {isa = PBXBuildFile; fileRef = 80CE5147290841CF0009AD65 /* SceneDelegate.swift */; };
		80CE514A290841CF0009AD65 /* ViewController.swift in Sources */ = {isa = PBXBuildFile; fileRef = 80CE5149290841CF0009AD65 /* ViewController.swift */; };
		80CE514D290841CF0009AD65 /* Main.storyboard in Resources */ = {isa = PBXBuildFile; fileRef = 80CE514B290841CF0009AD65 /* Main.storyboard */; };
		80CE514F290841D00009AD65 /* Assets.xcassets in Resources */ = {isa = PBXBuildFile; fileRef = 80CE514E290841D00009AD65 /* Assets.xcassets */; };
		80CE5152290841D00009AD65 /* LaunchScreen.storyboard in Resources */ = {isa = PBXBuildFile; fileRef = 80CE5150290841D00009AD65 /* LaunchScreen.storyboard */; };
		80D37B372909A4C400F2C62F /* NameViewController.swift in Sources */ = {isa = PBXBuildFile; fileRef = 80D37B362909A4C400F2C62F /* NameViewController.swift */; };
		80D37B392909A4D100F2C62F /* LoginViewController.swift in Sources */ = {isa = PBXBuildFile; fileRef = 80D37B382909A4D100F2C62F /* LoginViewController.swift */; };
		80D37B3B2909A4DE00F2C62F /* PassViewController.swift in Sources */ = {isa = PBXBuildFile; fileRef = 80D37B3A2909A4DE00F2C62F /* PassViewController.swift */; };
		80D37B3D2909A4E900F2C62F /* AgeViewController.swift in Sources */ = {isa = PBXBuildFile; fileRef = 80D37B3C2909A4E900F2C62F /* AgeViewController.swift */; };
		80D37B422909B06000F2C62F /* Coordinator.swift in Sources */ = {isa = PBXBuildFile; fileRef = 80D37B412909B06000F2C62F /* Coordinator.swift */; };
		80D37B452909B24300F2C62F /* RegistrationCoordinator.swift in Sources */ = {isa = PBXBuildFile; fileRef = 80D37B442909B24300F2C62F /* RegistrationCoordinator.swift */; };
		80D37B482909B3C100F2C62F /* ModuleFactory.swift in Sources */ = {isa = PBXBuildFile; fileRef = 80D37B472909B3C100F2C62F /* ModuleFactory.swift */; };
		80D37B4A2909B8FC00F2C62F /* FlowController.swift in Sources */ = {isa = PBXBuildFile; fileRef = 80D37B492909B8FC00F2C62F /* FlowController.swift */; };
		80D37B4D2909C52A00F2C62F /* UserData.swift in Sources */ = {isa = PBXBuildFile; fileRef = 80D37B4C2909C52A00F2C62F /* UserData.swift */; };
		80D37B4F2909CED800F2C62F /* CoordinatorFactory.swift in Sources */ = {isa = PBXBuildFile; fileRef = 80D37B4E2909CED800F2C62F /* CoordinatorFactory.swift */; };
		80D37B51290C264900F2C62F /* AppCoordinator.swift in Sources */ = {isa = PBXBuildFile; fileRef = 80D37B50290C264900F2C62F /* AppCoordinator.swift */; };
/* End PBXBuildFile section */

/* Begin PBXFileReference section */
		80CE5142290841CF0009AD65 /* Coordinator_Theory.app */ = {isa = PBXFileReference; explicitFileType = wrapper.application; includeInIndex = 0; path = Coordinator_Theory.app; sourceTree = BUILT_PRODUCTS_DIR; };
		80CE5145290841CF0009AD65 /* AppDelegate.swift */ = {isa = PBXFileReference; lastKnownFileType = sourcecode.swift; path = AppDelegate.swift; sourceTree = "<group>"; };
		80CE5147290841CF0009AD65 /* SceneDelegate.swift */ = {isa = PBXFileReference; lastKnownFileType = sourcecode.swift; path = SceneDelegate.swift; sourceTree = "<group>"; };
		80CE5149290841CF0009AD65 /* ViewController.swift */ = {isa = PBXFileReference; lastKnownFileType = sourcecode.swift; path = ViewController.swift; sourceTree = "<group>"; };
		80CE514C290841CF0009AD65 /* Base */ = {isa = PBXFileReference; lastKnownFileType = file.storyboard; name = Base; path = Base.lproj/Main.storyboard; sourceTree = "<group>"; };
		80CE514E290841D00009AD65 /* Assets.xcassets */ = {isa = PBXFileReference; lastKnownFileType = folder.assetcatalog; path = Assets.xcassets; sourceTree = "<group>"; };
		80CE5151290841D00009AD65 /* Base */ = {isa = PBXFileReference; lastKnownFileType = file.storyboard; name = Base; path = Base.lproj/LaunchScreen.storyboard; sourceTree = "<group>"; };
		80CE5153290841D00009AD65 /* Info.plist */ = {isa = PBXFileReference; lastKnownFileType = text.plist.xml; path = Info.plist; sourceTree = "<group>"; };
		80D37B362909A4C400F2C62F /* NameViewController.swift */ = {isa = PBXFileReference; lastKnownFileType = sourcecode.swift; path = NameViewController.swift; sourceTree = "<group>"; };
		80D37B382909A4D100F2C62F /* LoginViewController.swift */ = {isa = PBXFileReference; lastKnownFileType = sourcecode.swift; path = LoginViewController.swift; sourceTree = "<group>"; };
		80D37B3A2909A4DE00F2C62F /* PassViewController.swift */ = {isa = PBXFileReference; lastKnownFileType = sourcecode.swift; path = PassViewController.swift; sourceTree = "<group>"; };
		80D37B3C2909A4E900F2C62F /* AgeViewController.swift */ = {isa = PBXFileReference; lastKnownFileType = sourcecode.swift; path = AgeViewController.swift; sourceTree = "<group>"; };
		80D37B412909B06000F2C62F /* Coordinator.swift */ = {isa = PBXFileReference; lastKnownFileType = sourcecode.swift; path = Coordinator.swift; sourceTree = "<group>"; };
		80D37B442909B24300F2C62F /* RegistrationCoordinator.swift */ = {isa = PBXFileReference; lastKnownFileType = sourcecode.swift; path = RegistrationCoordinator.swift; sourceTree = "<group>"; };
		80D37B472909B3C100F2C62F /* ModuleFactory.swift */ = {isa = PBXFileReference; lastKnownFileType = sourcecode.swift; path = ModuleFactory.swift; sourceTree = "<group>"; };
		80D37B492909B8FC00F2C62F /* FlowController.swift */ = {isa = PBXFileReference; lastKnownFileType = sourcecode.swift; path = FlowController.swift; sourceTree = "<group>"; };
		80D37B4C2909C52A00F2C62F /* UserData.swift */ = {isa = PBXFileReference; lastKnownFileType = sourcecode.swift; path = UserData.swift; sourceTree = "<group>"; };
		80D37B4E2909CED800F2C62F /* CoordinatorFactory.swift */ = {isa = PBXFileReference; lastKnownFileType = sourcecode.swift; path = CoordinatorFactory.swift; sourceTree = "<group>"; };
		80D37B50290C264900F2C62F /* AppCoordinator.swift */ = {isa = PBXFileReference; lastKnownFileType = sourcecode.swift; path = AppCoordinator.swift; sourceTree = "<group>"; };
/* End PBXFileReference section */

/* Begin PBXFrameworksBuildPhase section */
		80CE513F290841CF0009AD65 /* Frameworks */ = {
			isa = PBXFrameworksBuildPhase;
			buildActionMask = 2147483647;
			files = (
			);
			runOnlyForDeploymentPostprocessing = 0;
		};
/* End PBXFrameworksBuildPhase section */

/* Begin PBXGroup section */
		80CE5139290841CF0009AD65 = {
			isa = PBXGroup;
			children = (
				80CE5144290841CF0009AD65 /* Coordinator_Theory */,
				80CE5143290841CF0009AD65 /* Products */,
			);
			sourceTree = "<group>";
		};
		80CE5143290841CF0009AD65 /* Products */ = {
			isa = PBXGroup;
			children = (
				80CE5142290841CF0009AD65 /* Coordinator_Theory.app */,
			);
			name = Products;
			sourceTree = "<group>";
		};
		80CE5144290841CF0009AD65 /* Coordinator_Theory */ = {
			isa = PBXGroup;
			children = (
				80D37B4B2909C51A00F2C62F /* Model */,
				80D37B462909B38C00F2C62F /* Factories */,
				80D37B432909B22C00F2C62F /* Coordinators */,
				80D37B402909B05400F2C62F /* Base */,
				80CE5153290841D00009AD65 /* Info.plist */,
				80D37B3E2909A4FE00F2C62F /* Auxiliary Files */,
				80D37B352909A4A700F2C62F /* Controllers */,
			);
			path = Coordinator_Theory;
			sourceTree = "<group>";
		};
		80D37B352909A4A700F2C62F /* Controllers */ = {
			isa = PBXGroup;
			children = (
				80D37B362909A4C400F2C62F /* NameViewController.swift */,
				80D37B382909A4D100F2C62F /* LoginViewController.swift */,
				80D37B3A2909A4DE00F2C62F /* PassViewController.swift */,
				80D37B3C2909A4E900F2C62F /* AgeViewController.swift */,
			);
			path = Controllers;
			sourceTree = "<group>";
		};
		80D37B3E2909A4FE00F2C62F /* Auxiliary Files */ = {
			isa = PBXGroup;
			children = (
				80CE5145290841CF0009AD65 /* AppDelegate.swift */,
				80CE5147290841CF0009AD65 /* SceneDelegate.swift */,
				80CE5149290841CF0009AD65 /* ViewController.swift */,
				80CE514B290841CF0009AD65 /* Main.storyboard */,
				80CE514E290841D00009AD65 /* Assets.xcassets */,
				80CE5150290841D00009AD65 /* LaunchScreen.storyboard */,
			);
			path = "Auxiliary Files";
			sourceTree = "<group>";
		};
		80D37B402909B05400F2C62F /* Base */ = {
			isa = PBXGroup;
			children = (
				80D37B412909B06000F2C62F /* Coordinator.swift */,
				80D37B492909B8FC00F2C62F /* FlowController.swift */,
				80D37B50290C264900F2C62F /* AppCoordinator.swift */,
			);
			path = Base;
			sourceTree = "<group>";
		};
		80D37B432909B22C00F2C62F /* Coordinators */ = {
			isa = PBXGroup;
			children = (
				80D37B442909B24300F2C62F /* RegistrationCoordinator.swift */,
			);
			path = Coordinators;
			sourceTree = "<group>";
		};
		80D37B462909B38C00F2C62F /* Factories */ = {
			isa = PBXGroup;
			children = (
				80D37B472909B3C100F2C62F /* ModuleFactory.swift */,
				80D37B4E2909CED800F2C62F /* CoordinatorFactory.swift */,
			);
			path = Factories;
			sourceTree = "<group>";
		};
		80D37B4B2909C51A00F2C62F /* Model */ = {
			isa = PBXGroup;
			children = (
				80D37B4C2909C52A00F2C62F /* UserData.swift */,
			);
			path = Model;
			sourceTree = "<group>";
		};
/* End PBXGroup section */

/* Begin PBXNativeTarget section */
		80CE5141290841CF0009AD65 /* Coordinator_Theory */ = {
			isa = PBXNativeTarget;
			buildConfigurationList = 80CE5156290841D00009AD65 /* Build configuration list for PBXNativeTarget "Coordinator_Theory" */;
			buildPhases = (
				80CE513E290841CF0009AD65 /* Sources */,
				80CE513F290841CF0009AD65 /* Frameworks */,
				80CE5140290841CF0009AD65 /* Resources */,
			);
			buildRules = (
			);
			dependencies = (
			);
			name = Coordinator_Theory;
			productName = Coordinator_Theory;
			productReference = 80CE5142290841CF0009AD65 /* Coordinator_Theory.app */;
			productType = "com.apple.product-type.application";
		};
/* End PBXNativeTarget section */

/* Begin PBXProject section */
		80CE513A290841CF0009AD65 /* Project object */ = {
			isa = PBXProject;
			attributes = {
				BuildIndependentTargetsInParallel = 1;
				LastSwiftUpdateCheck = 1400;
				LastUpgradeCheck = 1400;
				TargetAttributes = {
					80CE5141290841CF0009AD65 = {
						CreatedOnToolsVersion = 14.0.1;
					};
				};
			};
			buildConfigurationList = 80CE513D290841CF0009AD65 /* Build configuration list for PBXProject "Coordinator_Theory" */;
			compatibilityVersion = "Xcode 14.0";
			developmentRegion = en;
			hasScannedForEncodings = 0;
			knownRegions = (
				en,
				Base,
			);
			mainGroup = 80CE5139290841CF0009AD65;
			productRefGroup = 80CE5143290841CF0009AD65 /* Products */;
			projectDirPath = "";
			projectRoot = "";
			targets = (
				80CE5141290841CF0009AD65 /* Coordinator_Theory */,
			);
		};
/* End PBXProject section */

/* Begin PBXResourcesBuildPhase section */
		80CE5140290841CF0009AD65 /* Resources */ = {
			isa = PBXResourcesBuildPhase;
			buildActionMask = 2147483647;
			files = (
				80CE5152290841D00009AD65 /* LaunchScreen.storyboard in Resources */,
				80CE514F290841D00009AD65 /* Assets.xcassets in Resources */,
				80CE514D290841CF0009AD65 /* Main.storyboard in Resources */,
			);
			runOnlyForDeploymentPostprocessing = 0;
		};
/* End PBXResourcesBuildPhase section */

/* Begin PBXSourcesBuildPhase section */
		80CE513E290841CF0009AD65 /* Sources */ = {
			isa = PBXSourcesBuildPhase;
			buildActionMask = 2147483647;
			files = (
				80D37B422909B06000F2C62F /* Coordinator.swift in Sources */,
				80CE514A290841CF0009AD65 /* ViewController.swift in Sources */,
				80D37B4D2909C52A00F2C62F /* UserData.swift in Sources */,
				80CE5146290841CF0009AD65 /* AppDelegate.swift in Sources */,
				80D37B4A2909B8FC00F2C62F /* FlowController.swift in Sources */,
				80D37B482909B3C100F2C62F /* ModuleFactory.swift in Sources */,
				80D37B51290C264900F2C62F /* AppCoordinator.swift in Sources */,
				80D37B452909B24300F2C62F /* RegistrationCoordinator.swift in Sources */,
				80D37B3D2909A4E900F2C62F /* AgeViewController.swift in Sources */,
				80CE5148290841CF0009AD65 /* SceneDelegate.swift in Sources */,
				80D37B3B2909A4DE00F2C62F /* PassViewController.swift in Sources */,
				80D37B392909A4D100F2C62F /* LoginViewController.swift in Sources */,
				80D37B372909A4C400F2C62F /* NameViewController.swift in Sources */,
				80D37B4F2909CED800F2C62F /* CoordinatorFactory.swift in Sources */,
			);
			runOnlyForDeploymentPostprocessing = 0;
		};
/* End PBXSourcesBuildPhase section */

/* Begin PBXVariantGroup section */
		80CE514B290841CF0009AD65 /* Main.storyboard */ = {
			isa = PBXVariantGroup;
			children = (
				80CE514C290841CF0009AD65 /* Base */,
			);
			name = Main.storyboard;
			sourceTree = "<group>";
		};
		80CE5150290841D00009AD65 /* LaunchScreen.storyboard */ = {
			isa = PBXVariantGroup;
			children = (
				80CE5151290841D00009AD65 /* Base */,
			);
			name = LaunchScreen.storyboard;
			sourceTree = "<group>";
		};
/* End PBXVariantGroup section */

/* Begin XCBuildConfiguration section */
		80CE5154290841D00009AD65 /* Debug */ = {
			isa = XCBuildConfiguration;
			buildSettings = {
				ALWAYS_SEARCH_USER_PATHS = NO;
				CLANG_ANALYZER_NONNULL = YES;
				CLANG_ANALYZER_NUMBER_OBJECT_CONVERSION = YES_AGGRESSIVE;
				CLANG_CXX_LANGUAGE_STANDARD = "gnu++20";
				CLANG_ENABLE_MODULES = YES;
				CLANG_ENABLE_OBJC_ARC = YES;
				CLANG_ENABLE_OBJC_WEAK = YES;
				CLANG_WARN_BLOCK_CAPTURE_AUTORELEASING = YES;
				CLANG_WARN_BOOL_CONVERSION = YES;
				CLANG_WARN_COMMA = YES;
				CLANG_WARN_CONSTANT_CONVERSION = YES;
				CLANG_WARN_DEPRECATED_OBJC_IMPLEMENTATIONS = YES;
				CLANG_WARN_DIRECT_OBJC_ISA_USAGE = YES_ERROR;
				CLANG_WARN_DOCUMENTATION_COMMENTS = YES;
				CLANG_WARN_EMPTY_BODY = YES;
				CLANG_WARN_ENUM_CONVERSION = YES;
				CLANG_WARN_INFINITE_RECURSION = YES;
				CLANG_WARN_INT_CONVERSION = YES;
				CLANG_WARN_NON_LITERAL_NULL_CONVERSION = YES;
				CLANG_WARN_OBJC_IMPLICIT_RETAIN_SELF = YES;
				CLANG_WARN_OBJC_LITERAL_CONVERSION = YES;
				CLANG_WARN_OBJC_ROOT_CLASS = YES_ERROR;
				CLANG_WARN_QUOTED_INCLUDE_IN_FRAMEWORK_HEADER = YES;
				CLANG_WARN_RANGE_LOOP_ANALYSIS = YES;
				CLANG_WARN_STRICT_PROTOTYPES = YES;
				CLANG_WARN_SUSPICIOUS_MOVE = YES;
				CLANG_WARN_UNGUARDED_AVAILABILITY = YES_AGGRESSIVE;
				CLANG_WARN_UNREACHABLE_CODE = YES;
				CLANG_WARN__DUPLICATE_METHOD_MATCH = YES;
				COPY_PHASE_STRIP = NO;
				DEBUG_INFORMATION_FORMAT = dwarf;
				ENABLE_STRICT_OBJC_MSGSEND = YES;
				ENABLE_TESTABILITY = YES;
				GCC_C_LANGUAGE_STANDARD = gnu11;
				GCC_DYNAMIC_NO_PIC = NO;
				GCC_NO_COMMON_BLOCKS = YES;
				GCC_OPTIMIZATION_LEVEL = 0;
				GCC_PREPROCESSOR_DEFINITIONS = (
					"DEBUG=1",
					"$(inherited)",
				);
				GCC_WARN_64_TO_32_BIT_CONVERSION = YES;
				GCC_WARN_ABOUT_RETURN_TYPE = YES_ERROR;
				GCC_WARN_UNDECLARED_SELECTOR = YES;
				GCC_WARN_UNINITIALIZED_AUTOS = YES_AGGRESSIVE;
				GCC_WARN_UNUSED_FUNCTION = YES;
				GCC_WARN_UNUSED_VARIABLE = YES;
				IPHONEOS_DEPLOYMENT_TARGET = 16.0;
				MTL_ENABLE_DEBUG_INFO = INCLUDE_SOURCE;
				MTL_FAST_MATH = YES;
				ONLY_ACTIVE_ARCH = YES;
				SDKROOT = iphoneos;
				SWIFT_ACTIVE_COMPILATION_CONDITIONS = DEBUG;
				SWIFT_OPTIMIZATION_LEVEL = "-Onone";
			};
			name = Debug;
		};
		80CE5155290841D00009AD65 /* Release */ = {
			isa = XCBuildConfiguration;
			buildSettings = {
				ALWAYS_SEARCH_USER_PATHS = NO;
				CLANG_ANALYZER_NONNULL = YES;
				CLANG_ANALYZER_NUMBER_OBJECT_CONVERSION = YES_AGGRESSIVE;
				CLANG_CXX_LANGUAGE_STANDARD = "gnu++20";
				CLANG_ENABLE_MODULES = YES;
				CLANG_ENABLE_OBJC_ARC = YES;
				CLANG_ENABLE_OBJC_WEAK = YES;
				CLANG_WARN_BLOCK_CAPTURE_AUTORELEASING = YES;
				CLANG_WARN_BOOL_CONVERSION = YES;
				CLANG_WARN_COMMA = YES;
				CLANG_WARN_CONSTANT_CONVERSION = YES;
				CLANG_WARN_DEPRECATED_OBJC_IMPLEMENTATIONS = YES;
				CLANG_WARN_DIRECT_OBJC_ISA_USAGE = YES_ERROR;
				CLANG_WARN_DOCUMENTATION_COMMENTS = YES;
				CLANG_WARN_EMPTY_BODY = YES;
				CLANG_WARN_ENUM_CONVERSION = YES;
				CLANG_WARN_INFINITE_RECURSION = YES;
				CLANG_WARN_INT_CONVERSION = YES;
				CLANG_WARN_NON_LITERAL_NULL_CONVERSION = YES;
				CLANG_WARN_OBJC_IMPLICIT_RETAIN_SELF = YES;
				CLANG_WARN_OBJC_LITERAL_CONVERSION = YES;
				CLANG_WARN_OBJC_ROOT_CLASS = YES_ERROR;
				CLANG_WARN_QUOTED_INCLUDE_IN_FRAMEWORK_HEADER = YES;
				CLANG_WARN_RANGE_LOOP_ANALYSIS = YES;
				CLANG_WARN_STRICT_PROTOTYPES = YES;
				CLANG_WARN_SUSPICIOUS_MOVE = YES;
				CLANG_WARN_UNGUARDED_AVAILABILITY = YES_AGGRESSIVE;
				CLANG_WARN_UNREACHABLE_CODE = YES;
				CLANG_WARN__DUPLICATE_METHOD_MATCH = YES;
				COPY_PHASE_STRIP = NO;
				DEBUG_INFORMATION_FORMAT = "dwarf-with-dsym";
				ENABLE_NS_ASSERTIONS = NO;
				ENABLE_STRICT_OBJC_MSGSEND = YES;
				GCC_C_LANGUAGE_STANDARD = gnu11;
				GCC_NO_COMMON_BLOCKS = YES;
				GCC_WARN_64_TO_32_BIT_CONVERSION = YES;
				GCC_WARN_ABOUT_RETURN_TYPE = YES_ERROR;
				GCC_WARN_UNDECLARED_SELECTOR = YES;
				GCC_WARN_UNINITIALIZED_AUTOS = YES_AGGRESSIVE;
				GCC_WARN_UNUSED_FUNCTION = YES;
				GCC_WARN_UNUSED_VARIABLE = YES;
				IPHONEOS_DEPLOYMENT_TARGET = 16.0;
				MTL_ENABLE_DEBUG_INFO = NO;
				MTL_FAST_MATH = YES;
				SDKROOT = iphoneos;
				SWIFT_COMPILATION_MODE = wholemodule;
				SWIFT_OPTIMIZATION_LEVEL = "-O";
				VALIDATE_PRODUCT = YES;
			};
			name = Release;
		};
		80CE5157290841D00009AD65 /* Debug */ = {
			isa = XCBuildConfiguration;
			buildSettings = {
				ASSETCATALOG_COMPILER_APPICON_NAME = AppIcon;
				ASSETCATALOG_COMPILER_GLOBAL_ACCENT_COLOR_NAME = AccentColor;
				CODE_SIGN_STYLE = Automatic;
				CURRENT_PROJECT_VERSION = 1;
				DEVELOPMENT_TEAM = Q88WS7U793;
				GENERATE_INFOPLIST_FILE = YES;
				INFOPLIST_FILE = Coordinator_Theory/Info.plist;
				INFOPLIST_KEY_UIApplicationSupportsIndirectInputEvents = YES;
				INFOPLIST_KEY_UILaunchStoryboardName = LaunchScreen;
				INFOPLIST_KEY_UIMainStoryboardFile = Main;
				INFOPLIST_KEY_UISupportedInterfaceOrientations_iPad = "UIInterfaceOrientationPortrait UIInterfaceOrientationPortraitUpsideDown UIInterfaceOrientationLandscapeLeft UIInterfaceOrientationLandscapeRight";
				INFOPLIST_KEY_UISupportedInterfaceOrientations_iPhone = "UIInterfaceOrientationPortrait UIInterfaceOrientationLandscapeLeft UIInterfaceOrientationLandscapeRight";
				LD_RUNPATH_SEARCH_PATHS = (
					"$(inherited)",
					"@executable_path/Frameworks",
				);
				MARKETING_VERSION = 1.0;
				PRODUCT_BUNDLE_IDENTIFIER = "com.Coordinator-Theory";
				PRODUCT_NAME = "$(TARGET_NAME)";
				SWIFT_EMIT_LOC_STRINGS = YES;
				SWIFT_VERSION = 5.0;
				TARGETED_DEVICE_FAMILY = "1,2";
			};
			name = Debug;
		};
		80CE5158290841D00009AD65 /* Release */ = {
			isa = XCBuildConfiguration;
			buildSettings = {
				ASSETCATALOG_COMPILER_APPICON_NAME = AppIcon;
				ASSETCATALOG_COMPILER_GLOBAL_ACCENT_COLOR_NAME = AccentColor;
				CODE_SIGN_STYLE = Automatic;
				CURRENT_PROJECT_VERSION = 1;
				DEVELOPMENT_TEAM = Q88WS7U793;
				GENERATE_INFOPLIST_FILE = YES;
				INFOPLIST_FILE = Coordinator_Theory/Info.plist;
				INFOPLIST_KEY_UIApplicationSupportsIndirectInputEvents = YES;
				INFOPLIST_KEY_UILaunchStoryboardName = LaunchScreen;
				INFOPLIST_KEY_UIMainStoryboardFile = Main;
				INFOPLIST_KEY_UISupportedInterfaceOrientations_iPad = "UIInterfaceOrientationPortrait UIInterfaceOrientationPortraitUpsideDown UIInterfaceOrientationLandscapeLeft UIInterfaceOrientationLandscapeRight";
				INFOPLIST_KEY_UISupportedInterfaceOrientations_iPhone = "UIInterfaceOrientationPortrait UIInterfaceOrientationLandscapeLeft UIInterfaceOrientationLandscapeRight";
				LD_RUNPATH_SEARCH_PATHS = (
					"$(inherited)",
					"@executable_path/Frameworks",
				);
				MARKETING_VERSION = 1.0;
				PRODUCT_BUNDLE_IDENTIFIER = "com.Coordinator-Theory";
				PRODUCT_NAME = "$(TARGET_NAME)";
				SWIFT_EMIT_LOC_STRINGS = YES;
				SWIFT_VERSION = 5.0;
				TARGETED_DEVICE_FAMILY = "1,2";
			};
			name = Release;
		};
/* End XCBuildConfiguration section */

/* Begin XCConfigurationList section */
		80CE513D290841CF0009AD65 /* Build configuration list for PBXProject "Coordinator_Theory" */ = {
			isa = XCConfigurationList;
			buildConfigurations = (
				80CE5154290841D00009AD65 /* Debug */,
				80CE5155290841D00009AD65 /* Release */,
			);
			defaultConfigurationIsVisible = 0;
			defaultConfigurationName = Release;
		};
		80CE5156290841D00009AD65 /* Build configuration list for PBXNativeTarget "Coordinator_Theory" */ = {
			isa = XCConfigurationList;
			buildConfigurations = (
				80CE5157290841D00009AD65 /* Debug */,
				80CE5158290841D00009AD65 /* Release */,
			);
			defaultConfigurationIsVisible = 0;
			defaultConfigurationName = Release;
		};
/* End XCConfigurationList section */
	};
	rootObject = 80CE513A290841CF0009AD65 /* Project object */;
}
